
Microsoft Visual Studio Solution File, Format Version 12.00
# Visual Studio 2012
Project("{FAE04EC0-301F-11D3-BF4B-00C04F79EFBC}") = "FreeAgent Time Logger", "FreeAgent Time Logger\FreeAgent Time Logger.csproj", "{6BA792AC-2B75-4906-BC7A-52D0FF4862FC}"
EndProject
Global
	GlobalSection(SolutionConfigurationPlatforms) = preSolution
		Debug|Any CPU = Debug|Any CPU
		Release|Any CPU = Release|Any CPU
	EndGlobalSection
	GlobalSection(ProjectConfigurationPlatforms) = postSolution
		{6BA792AC-2B75-4906-BC7A-52D0FF4862FC}.Debug|Any CPU.ActiveCfg = Debug|Any CPU
		{6BA792AC-2B75-4906-BC7A-52D0FF4862FC}.Debug|Any CPU.Build.0 = Debug|Any CPU
		{6BA792AC-2B75-4906-BC7A-52D0FF4862FC}.Release|Any CPU.ActiveCfg = Release|Any CPU
		{6BA792AC-2B75-4906-BC7A-52D0FF4862FC}.Release|Any CPU.Build.0 = Release|Any CPU
	EndGlobalSection
	GlobalSection(SolutionProperties) = preSolution
		HideSolutionNode = FALSE
	EndGlobalSection
EndGlobal
